PODS:
  - cryptography_flutter (0.2.0):
    - FlutterMacOS
  - ffi_lib (1.0.0)
  - FlutterMacOS (1.0.0)
  - shared_preferences_foundation (0.0.1):
    - Flutter
    - FlutterMacOS

DEPENDENCIES:
  - cryptography_flutter (from `Flutter/ephemeral/.symlinks/plugins/cryptography_flutter/macos`)
  - ffi_lib (from `./ffi_lib`)
  - FlutterMacOS (from `Flutter/ephemeral`)
  - shared_preferences_foundation (from `Flutter/ephemeral/.symlinks/plugins/shared_preferences_foundation/darwin`)

EXTERNAL SOURCES:
  cryptography_flutter:
    :path: Flutter/ephemeral/.symlinks/plugins/cryptography_flutter/macos
  ffi_lib:
    :path: "./ffi_lib"
  FlutterMacOS:
    :path: Flutter/ephemeral
  shared_preferences_foundation:
    :path: Flutter/ephemeral/.symlinks/plugins/shared_preferences_foundation/darwin

SPEC CHECKSUMS:
  cryptography_flutter: 33e8726fef117a6f306382f6fa34e173642cc64f
  ffi_lib: 7b05de274230751453502cf0668ccbc01cf3399a
  FlutterMacOS: 8f6f14fa908a6fb3fba0cd85dbd81ec4b251fb24
  shared_preferences_foundation: 9e1978ff2562383bd5676f64ec4e9aa8fa06a6f7

PODFILE CHECKSUM: a45f203f6add72a7e4900d08d93cfe043cb388d6

COCOAPODS: 1.16.2
